{
  "name": "elements",
  "version": "1.0.0",
  "lockfileVersion": 1,
  "requires": true,
  "dependencies": {
    "@angular/elements": {
      "version": "11.0.0",
      "resolved": "https://registry.npmjs.org/@angular/elements/-/elements-11.0.0.tgz",
      "integrity": "sha512-Xe1azn17DJos7NfqaUzVu8NNy8mixHTuNQS4dAssBHP3EtgpPwQXI9oZlcPjFRCn4+pPNvhFaWxifyxDlZhfpg==",
      "requires": {
        "tslib": "^2.0.0"
      }
    },
    "tslib": {
      "version": "2.0.3",
      "resolved": "https://registry.npmjs.org/tslib/-/tslib-2.0.3.tgz",
      "integrity": "sha512-uZtkfKblCEQtZKBF6EBXVZeQNl82yqtDQdv+eck8u7tdPxjLu2/lp5/uPW+um2tpuxINHWy3GhiccY7QgEaVHQ=="
    }
  }
}
